
Microsoft Visual Studio Solution File, Format Version 12.00
# Visual Studio Version 17
VisualStudioVersion = 17.2.32516.85
MinimumVisualStudioVersion = 10.0.40219.1
Project("{FAE04EC0-301F-11D3-BF4B-00C04F79EFBC}") = "LearnWPF", "LearnWPF.csproj", "{C403A7E8-B229-4CEF-B6B8-CC3AA9E9688E}"
EndProject
Global
	GlobalSection(SolutionConfigurationPlatforms) = preSolution
		Debug|Any CPU = Debug|Any CPU
		Release|Any CPU = Release|Any CPU
	EndGlobalSection
	GlobalSection(ProjectConfigurationPlatforms) = postSolution
		{C403A7E8-B229-4CEF-B6B8-CC3AA9E9688E}.Debug|Any CPU.ActiveCfg = Debug|Any CPU
		{C403A7E8-B229-4CEF-B6B8-CC3AA9E9688E}.Debug|Any CPU.Build.0 = Debug|Any CPU
		{C403A7E8-B229-4CEF-B6B8-CC3AA9E9688E}.Release|Any CPU.ActiveCfg = Release|Any CPU
		{C403A7E8-B229-4CEF-B6B8-CC3AA9E9688E}.Release|Any CPU.Build.0 = Release|Any CPU
	EndGlobalSection
	GlobalSection(SolutionProperties) = preSolution
		HideSolutionNode = FALSE
	EndGlobalSection
	GlobalSection(ExtensibilityGlobals) = postSolution
		SolutionGuid = {25392E6B-BE2A-4A27-AC9E-340D05D37882}
	EndGlobalSection
EndGlobal
